
Microsoft Visual Studio Solution File, Format Version 12.00
# Visual Studio Version 17
VisualStudioVersion = 17.6.33829.357
MinimumVisualStudioVersion = 10.0.40219.1
Project("{FAE04EC0-301F-11D3-BF4B-00C04F79EFBC}") = "TestingFlaUI", "TestingFlaUI.csproj", "{AE3C6002-C5E5-4E77-9FE6-E15D745686C0}"
EndProject
Global
	GlobalSection(SolutionConfigurationPlatforms) = preSolution
		Debug|Any CPU = Debug|Any CPU
		Release|Any CPU = Release|Any CPU
	EndGlobalSection
	GlobalSection(ProjectConfigurationPlatforms) = postSolution
		{AE3C6002-C5E5-4E77-9FE6-E15D745686C0}.Debug|Any CPU.ActiveCfg = Debug|Any CPU
		{AE3C6002-C5E5-4E77-9FE6-E15D745686C0}.Debug|Any CPU.Build.0 = Debug|Any CPU
		{AE3C6002-C5E5-4E77-9FE6-E15D745686C0}.Release|Any CPU.ActiveCfg = Release|Any CPU
		{AE3C6002-C5E5-4E77-9FE6-E15D745686C0}.Release|Any CPU.Build.0 = Release|Any CPU
	EndGlobalSection
	GlobalSection(SolutionProperties) = preSolution
		HideSolutionNode = FALSE
	EndGlobalSection
	GlobalSection(ExtensibilityGlobals) = postSolution
		SolutionGuid = {4948A90B-24D2-4545-A82C-BFC54B9802F0}
	EndGlobalSection
EndGlobal
